
Microsoft Visual Studio Solution File, Format Version 12.00
# Visual Studio Version 16
VisualStudioVersion = 16.0.30626.31
MinimumVisualStudioVersion = 10.0.40219.1
Project("{2150E333-8FDC-42A3-9474-1A3956D46DE8}") = "Src", "Src", "{5E4D7966-61C1-4E73-974D-25A89558E839}"
EndProject
Project("{2150E333-8FDC-42A3-9474-1A3956D46DE8}") = "Test", "Test", "{DC5D7224-AAA1-42F8-8595-DC24E0B70B83}"
EndProject
Project("{2150E333-8FDC-42A3-9474-1A3956D46DE8}") = "Orm", "Orm", "{AE80A9C1-3CF8-4F81-B504-45C187CA0E3C}"
EndProject
Project("{9A19103F-16F7-4668-BE54-9A1E7A4F7556}") = "FTeam.Orm", "Src\Orm\FTeam.Orm\FTeam.Orm.csproj", "{DA2507B9-E48E-440E-8775-0968266E1E5F}"
EndProject
Project("{9A19103F-16F7-4668-BE54-9A1E7A4F7556}") = "FTeam.Orm.OrmTest", "Src\Test\Orm\FTeam.Orm.OrmTest\FTeam.Orm.OrmTest.csproj", "{532E5A60-B551-40C0-BEC9-84066FEB5319}"
EndProject
Project("{2150E333-8FDC-42A3-9474-1A3956D46DE8}") = "RealTests", "RealTests", "{3847DE43-1A41-4FA8-AF20-DB8BEB8A805B}"
EndProject
Project("{2150E333-8FDC-42A3-9474-1A3956D46DE8}") = "MsTests", "MsTests", "{FFEF3067-B248-4CC5-8115-264F889C401D}"
EndProject
Project("{9A19103F-16F7-4668-BE54-9A1E7A4F7556}") = "RealTest", "Src\Test\RealTest\RealTest.csproj", "{3EEA7645-2695-42FF-AE3F-50152478F49F}"
EndProject
Project("{2150E333-8FDC-42A3-9474-1A3956D46DE8}") = "Mapper", "Mapper", "{2668757E-2E2E-434A-8683-DEBDDBEB9807}"
EndProject
Project("{9A19103F-16F7-4668-BE54-9A1E7A4F7556}") = "FTeam.Orm.Mapper", "Src\Mapper\FTeam.Orm.Mapper\FTeam.Orm.Mapper.csproj", "{D08CB9AC-4B8B-46B5-B83B-2BE7FD0AB44A}"
EndProject
Project("{9A19103F-16F7-4668-BE54-9A1E7A4F7556}") = "FTeam.Orm.PgSql", "Src\Orm\FTeam.Orm.PgSql\FTeam.Orm.PgSql.csproj", "{BE074BEC-007E-4C9C-AB51-48B062BC09F8}"
EndProject
Global
	GlobalSection(SolutionConfigurationPlatforms) = preSolution
		Debug|Any CPU = Debug|Any CPU
		Release|Any CPU = Release|Any CPU
	EndGlobalSection
	GlobalSection(ProjectConfigurationPlatforms) = postSolution
		{DA2507B9-E48E-440E-8775-0968266E1E5F}.Debug|Any CPU.ActiveCfg = Debug|Any CPU
		{DA2507B9-E48E-440E-8775-0968266E1E5F}.Debug|Any CPU.Build.0 = Debug|Any CPU
		{DA2507B9-E48E-440E-8775-0968266E1E5F}.Release|Any CPU.ActiveCfg = Release|Any CPU
		{DA2507B9-E48E-440E-8775-0968266E1E5F}.Release|Any CPU.Build.0 = Release|Any CPU
		{532E5A60-B551-40C0-BEC9-84066FEB5319}.Debug|Any CPU.ActiveCfg = Debug|Any CPU
		{532E5A60-B551-40C0-BEC9-84066FEB5319}.Debug|Any CPU.Build.0 = Debug|Any CPU
		{532E5A60-B551-40C0-BEC9-84066FEB5319}.Release|Any CPU.ActiveCfg = Release|Any CPU
		{532E5A60-B551-40C0-BEC9-84066FEB5319}.Release|Any CPU.Build.0 = Release|Any CPU
		{3EEA7645-2695-42FF-AE3F-50152478F49F}.Debug|Any CPU.ActiveCfg = Debug|Any CPU
		{3EEA7645-2695-42FF-AE3F-50152478F49F}.Debug|Any CPU.Build.0 = Debug|Any CPU
		{3EEA7645-2695-42FF-AE3F-50152478F49F}.Release|Any CPU.ActiveCfg = Release|Any CPU
		{3EEA7645-2695-42FF-AE3F-50152478F49F}.Release|Any CPU.Build.0 = Release|Any CPU
		{D08CB9AC-4B8B-46B5-B83B-2BE7FD0AB44A}.Debug|Any CPU.ActiveCfg = Debug|Any CPU
		{D08CB9AC-4B8B-46B5-B83B-2BE7FD0AB44A}.Debug|Any CPU.Build.0 = Debug|Any CPU
		{D08CB9AC-4B8B-46B5-B83B-2BE7FD0AB44A}.Release|Any CPU.ActiveCfg = Release|Any CPU
		{D08CB9AC-4B8B-46B5-B83B-2BE7FD0AB44A}.Release|Any CPU.Build.0 = Release|Any CPU
		{BE074BEC-007E-4C9C-AB51-48B062BC09F8}.Debug|Any CPU.ActiveCfg = Debug|Any CPU
		{BE074BEC-007E-4C9C-AB51-48B062BC09F8}.Debug|Any CPU.Build.0 = Debug|Any CPU
		{BE074BEC-007E-4C9C-AB51-48B062BC09F8}.Release|Any CPU.ActiveCfg = Release|Any CPU
		{BE074BEC-007E-4C9C-AB51-48B062BC09F8}.Release|Any CPU.Build.0 = Release|Any CPU
	EndGlobalSection
	GlobalSection(SolutionProperties) = preSolution
		HideSolutionNode = FALSE
	EndGlobalSection
	GlobalSection(NestedProjects) = preSolution
		{DC5D7224-AAA1-42F8-8595-DC24E0B70B83} = {5E4D7966-61C1-4E73-974D-25A89558E839}
		{AE80A9C1-3CF8-4F81-B504-45C187CA0E3C} = {5E4D7966-61C1-4E73-974D-25A89558E839}
		{DA2507B9-E48E-440E-8775-0968266E1E5F} = {AE80A9C1-3CF8-4F81-B504-45C187CA0E3C}
		{532E5A60-B551-40C0-BEC9-84066FEB5319} = {DC5D7224-AAA1-42F8-8595-DC24E0B70B83}
		{3847DE43-1A41-4FA8-AF20-DB8BEB8A805B} = {DC5D7224-AAA1-42F8-8595-DC24E0B70B83}
		{FFEF3067-B248-4CC5-8115-264F889C401D} = {DC5D7224-AAA1-42F8-8595-DC24E0B70B83}
		{3EEA7645-2695-42FF-AE3F-50152478F49F} = {3847DE43-1A41-4FA8-AF20-DB8BEB8A805B}
		{2668757E-2E2E-434A-8683-DEBDDBEB9807} = {5E4D7966-61C1-4E73-974D-25A89558E839}
		{D08CB9AC-4B8B-46B5-B83B-2BE7FD0AB44A} = {2668757E-2E2E-434A-8683-DEBDDBEB9807}
		{BE074BEC-007E-4C9C-AB51-48B062BC09F8} = {AE80A9C1-3CF8-4F81-B504-45C187CA0E3C}
	EndGlobalSection
	GlobalSection(ExtensibilityGlobals) = postSolution
		SolutionGuid = {60D30339-5EAB-4B6E-990D-4F0CF80D1F72}
	EndGlobalSection
EndGlobal
